
Microsoft Visual Studio Solution File, Format Version 12.00
# Visual Studio Version 17
VisualStudioVersion = 17.4.33213.308
MinimumVisualStudioVersion = 10.0.40219.1
Project("{FAE04EC0-301F-11D3-BF4B-00C04F79EFBC}") = "01_strategy_pattern", "01_strategy_pattern\01_strategy_pattern.csproj", "{3EDDAF40-FFEE-4D3F-8B2E-1920B3CD821B}"
EndProject
Global
	GlobalSection(SolutionConfigurationPlatforms) = preSolution
		Debug|Any CPU = Debug|Any CPU
		Release|Any CPU = Release|Any CPU
	EndGlobalSection
	GlobalSection(ProjectConfigurationPlatforms) = postSolution
		{3EDDAF40-FFEE-4D3F-8B2E-1920B3CD821B}.Debug|Any CPU.ActiveCfg = Debug|Any CPU
		{3EDDAF40-FFEE-4D3F-8B2E-1920B3CD821B}.Debug|Any CPU.Build.0 = Debug|Any CPU
		{3EDDAF40-FFEE-4D3F-8B2E-1920B3CD821B}.Release|Any CPU.ActiveCfg = Release|Any CPU
		{3EDDAF40-FFEE-4D3F-8B2E-1920B3CD821B}.Release|Any CPU.Build.0 = Release|Any CPU
	EndGlobalSection
	GlobalSection(SolutionProperties) = preSolution
		HideSolutionNode = FALSE
	EndGlobalSection
	GlobalSection(ExtensibilityGlobals) = postSolution
		SolutionGuid = {1761C59B-900A-4D96-B19F-2F6D2C8A46B7}
	EndGlobalSection
EndGlobal
